
Microsoft Visual Studio Solution File, Format Version 12.00
# Visual Studio Version 16
VisualStudioVersion = 16.0.30413.136
MinimumVisualStudioVersion = 10.0.40219.1
Project("{FAE04EC0-301F-11D3-BF4B-00C04F79EFBC}") = "SimpleGuestbookPostgres", "SimpleGuestbookPostgres\SimpleGuestbookPostgres.csproj", "{82FE874D-1F03-4DDC-8607-FA2D31CDE358}"
EndProject
Global
	GlobalSection(SolutionConfigurationPlatforms) = preSolution
		Debug|Any CPU = Debug|Any CPU
		Release|Any CPU = Release|Any CPU
	EndGlobalSection
	GlobalSection(ProjectConfigurationPlatforms) = postSolution
		{82FE874D-1F03-4DDC-8607-FA2D31CDE358}.Debug|Any CPU.ActiveCfg = Debug|Any CPU
		{82FE874D-1F03-4DDC-8607-FA2D31CDE358}.Debug|Any CPU.Build.0 = Debug|Any CPU
		{82FE874D-1F03-4DDC-8607-FA2D31CDE358}.Release|Any CPU.ActiveCfg = Release|Any CPU
		{82FE874D-1F03-4DDC-8607-FA2D31CDE358}.Release|Any CPU.Build.0 = Release|Any CPU
	EndGlobalSection
	GlobalSection(SolutionProperties) = preSolution
		HideSolutionNode = FALSE
	EndGlobalSection
	GlobalSection(ExtensibilityGlobals) = postSolution
		SolutionGuid = {9A8EC40D-6948-4E7A-8F4C-5BED7CC0E259}
	EndGlobalSection
EndGlobal
